<?xml version="1.0" encoding="utf-8"?>
<Project ToolsVersion="4.0" xmlns="http://schemas.microsoft.com/developer/msbuild/2003">
  <ItemGroup>
    <Filter Include="Source Files">
      <UniqueIdentifier>{4FC737F1-C7A5-4376-A066-2A32D752A2FF}</UniqueIdentifier>
      <Extensions>cpp;c;cc;cxx;c++;cppm;ixx;def;odl;idl;hpj;bat;asm;asmx</Extensions>
    </Filter>
    <Filter Include="Resource Files">
      <UniqueIdentifier>{67DA6AB6-F800-4c08-8B7A-83BB121AAD01}</UniqueIdentifier>
      <Extensions>rc;ico;cur;bmp;dlg;rc2;rct;bin;rgs;gif;jpg;jpeg;jpe;resx;tiff;tif;png;wav;mfcribbon-ms</Extensions>
    </Filter>
    <Filter Include="Header Files">
      <UniqueIdentifier>{8ec1942f-14f5-4d5f-acd0-96621a97a8dd}</UniqueIdentifier>
    </Filter>
  </ItemGroup>
  <ItemGroup>
    <ClInclude Include="src\audio.h">
      <Filter>Header Files</Filter>
    </ClInclude>
    <ClInclude Include="src\packet_queue.h">
      <Filter>Header Files</Filter>
    </ClInclude>
    <ClInclude Include="src\picture_queue.h">
      <Filter>Header Files</Filter>
    </ClInclude>
    <ClInclude Include="src\player.h">
      <Filter>Header Files</Filter>
    </ClInclude>
    <ClInclude Include="src\sdl_wrapper.h">
      <Filter>Header Files</Filter>
    </ClInclude>
    <ClInclude Include="src\video.h">
      <Filter>Header Files</Filter>
    </ClInclude>
    <ClInclude Include="src\ffmpeg_exception.h">
      <Filter>Header Files</Filter>
    </ClInclude>
    <ClInclude Include="src\sdl_exception.h">
      <Filter>Header Files</Filter>
    </ClInclude>
    <ClInclude Include="src\decode_thread_handler.h">
      <Filter>Header Files</Filter>
    </ClInclude>
  </ItemGroup>
  <ItemGroup>
    <ClCompile Include="src\audio.cpp">
      <Filter>Source Files</Filter>
    </ClCompile>
    <ClCompile Include="src\main.cpp">
      <Filter>Source Files</Filter>
    </ClCompile>
    <ClCompile Include="src\packet_queue.cpp">
      <Filter>Source Files</Filter>
    </ClCompile>
    <ClCompile Include="src\picture_queue.cpp">
      <Filter>Source Files</Filter>
    </ClCompile>
    <ClCompile Include="src\player.cpp">
      <Filter>Source Files</Filter>
    </ClCompile>
    <ClCompile Include="src\sdl_wrapper.cpp">
      <Filter>Source Files</Filter>
    </ClCompile>
    <ClCompile Include="src\video.cpp">
      <Filter>Source Files</Filter>
    </ClCompile>
  </ItemGroup>
</Project>