
Microsoft Visual Studio Solution File, Format Version 12.00
# Visual Studio Version 17
VisualStudioVersion = 17.2.32526.322
MinimumVisualStudioVersion = 10.0.40219.1
Project("{2150E333-8FDC-42A3-9474-1A3956D46DE8}") = "src", "src", "{4AF30CCC-E5B0-4F35-8292-F6CECF532DAC}"
	ProjectSection(SolutionItems) = preProject
		src\AltPacketQueue.cpp = src\AltPacketQueue.cpp
		src\AltPacketQueue.h = src\AltPacketQueue.h
		src\AudioResampling.h = src\AudioResampling.h
		src\AudioStream.cpp = src\AudioStream.cpp
		src\AudioStream.h = src\AudioStream.h
		src\main.cpp = src\main.cpp
		src\PacketQueue.h = src\PacketQueue.h
		src\Player.cpp = src\Player.cpp
		src\Player.h = src\Player.h
		src\Screen.h = src\Screen.h
		src\VideoPictureQueue.cpp = src\VideoPictureQueue.cpp
		src\VideoPictureQueue.h = src\VideoPictureQueue.h
		src\VideoStream.cpp = src\VideoStream.cpp
		src\VideoStream.h = src\VideoStream.h
	EndProjectSection
EndProject
Global
	GlobalSection(SolutionProperties) = preSolution
		HideSolutionNode = FALSE
	EndGlobalSection
	GlobalSection(ExtensibilityGlobals) = postSolution
		SolutionGuid = {9C7EEA4B-4D08-43DB-8EAB-9BB87C9F0D45}
	EndGlobalSection
EndGlobal
